
Microsoft Visual Studio Solution File, Format Version 12.00
Project("{FAE04EC0-301F-11D3-BF4B-00C04F79EFBC}") = "WarshallAlgorithm", "WarshallAlgorithm\WarshallAlgorithm.csproj", "{2E06F1A2-9C5A-4B01-A768-DB2D98596344}"
EndProject
Global
	GlobalSection(SolutionConfigurationPlatforms) = preSolution
		Debug|Any CPU = Debug|Any CPU
		Release|Any CPU = Release|Any CPU
	EndGlobalSection
	GlobalSection(ProjectConfigurationPlatforms) = postSolution
		{2E06F1A2-9C5A-4B01-A768-DB2D98596344}.Debug|Any CPU.ActiveCfg = Debug|Any CPU
		{2E06F1A2-9C5A-4B01-A768-DB2D98596344}.Debug|Any CPU.Build.0 = Debug|Any CPU
		{2E06F1A2-9C5A-4B01-A768-DB2D98596344}.Release|Any CPU.ActiveCfg = Release|Any CPU
		{2E06F1A2-9C5A-4B01-A768-DB2D98596344}.Release|Any CPU.Build.0 = Release|Any CPU
	EndGlobalSection
EndGlobal
